
Microsoft Visual Studio Solution File, Format Version 12.00
# Visual Studio Version 17
VisualStudioVersion = 17.4.33205.214
MinimumVisualStudioVersion = 10.0.40219.1
Project("{FAE04EC0-301F-11D3-BF4B-00C04F79EFBC}") = "Lab3", "Lab3.csproj", "{B629B9A0-C253-41C6-9313-51EA0B9F6BD9}"
EndProject
Global
	GlobalSection(SolutionConfigurationPlatforms) = preSolution
		Debug|Any CPU = Debug|Any CPU
		Release|Any CPU = Release|Any CPU
	EndGlobalSection
	GlobalSection(ProjectConfigurationPlatforms) = postSolution
		{B629B9A0-C253-41C6-9313-51EA0B9F6BD9}.Debug|Any CPU.ActiveCfg = Debug|Any CPU
		{B629B9A0-C253-41C6-9313-51EA0B9F6BD9}.Debug|Any CPU.Build.0 = Debug|Any CPU
		{B629B9A0-C253-41C6-9313-51EA0B9F6BD9}.Release|Any CPU.ActiveCfg = Release|Any CPU
		{B629B9A0-C253-41C6-9313-51EA0B9F6BD9}.Release|Any CPU.Build.0 = Release|Any CPU
	EndGlobalSection
	GlobalSection(SolutionProperties) = preSolution
		HideSolutionNode = FALSE
	EndGlobalSection
	GlobalSection(ExtensibilityGlobals) = postSolution
		SolutionGuid = {5A590836-EC7B-4D0F-ABAA-3C0B5EECDD91}
	EndGlobalSection
EndGlobal
